
Microsoft Visual Studio Solution File, Format Version 12.00
# Visual Studio Version 17
VisualStudioVersion = 17.10.35004.147
MinimumVisualStudioVersion = 10.0.40219.1
Project("{FAE04EC0-301F-11D3-BF4B-00C04F79EFBC}") = "Pillarpiers", "Pillarpiers.csproj", "{0461CC8E-E87C-4E25-BDD3-BA986A4EB473}"
EndProject
Global
	GlobalSection(SolutionConfigurationPlatforms) = preSolution
		Debug|Any CPU = Debug|Any CPU
		Release|Any CPU = Release|Any CPU
	EndGlobalSection
	GlobalSection(ProjectConfigurationPlatforms) = postSolution
		{0461CC8E-E87C-4E25-BDD3-BA986A4EB473}.Debug|Any CPU.ActiveCfg = Debug|Any CPU
		{0461CC8E-E87C-4E25-BDD3-BA986A4EB473}.Debug|Any CPU.Build.0 = Debug|Any CPU
		{0461CC8E-E87C-4E25-BDD3-BA986A4EB473}.Release|Any CPU.ActiveCfg = Release|Any CPU
		{0461CC8E-E87C-4E25-BDD3-BA986A4EB473}.Release|Any CPU.Build.0 = Release|Any CPU
	EndGlobalSection
	GlobalSection(SolutionProperties) = preSolution
		HideSolutionNode = FALSE
	EndGlobalSection
	GlobalSection(ExtensibilityGlobals) = postSolution
		SolutionGuid = {EA15B1F8-2405-4E48-A60F-2AD774D940A2}
	EndGlobalSection
EndGlobal
