
Microsoft Visual Studio Solution File, Format Version 12.00
# Visual Studio Version 17
VisualStudioVersion = 17.10.35013.160
MinimumVisualStudioVersion = 10.0.40219.1
Project("{9A19103F-16F7-4668-BE54-9A1E7A4F7556}") = "ZZZIFOX", "ZZZIFOX.csproj", "{1C630A4E-0CD8-4FF4-9136-9CE2506C8848}"
EndProject
Global
	GlobalSection(SolutionConfigurationPlatforms) = preSolution
		Debug|Any CPU = Debug|Any CPU
		Release|Any CPU = Release|Any CPU
	EndGlobalSection
	GlobalSection(ProjectConfigurationPlatforms) = postSolution
		{1C630A4E-0CD8-4FF4-9136-9CE2506C8848}.Debug|Any CPU.ActiveCfg = Debug|Any CPU
		{1C630A4E-0CD8-4FF4-9136-9CE2506C8848}.Debug|Any CPU.Build.0 = Debug|Any CPU
		{1C630A4E-0CD8-4FF4-9136-9CE2506C8848}.Release|Any CPU.ActiveCfg = Release|Any CPU
		{1C630A4E-0CD8-4FF4-9136-9CE2506C8848}.Release|Any CPU.Build.0 = Release|Any CPU
	EndGlobalSection
	GlobalSection(SolutionProperties) = preSolution
		HideSolutionNode = FALSE
	EndGlobalSection
	GlobalSection(ExtensibilityGlobals) = postSolution
		SolutionGuid = {E0D7F4FD-5CA7-4128-BD98-E175AE538DEB}
	EndGlobalSection
EndGlobal
