
Microsoft Visual Studio Solution File, Format Version 12.00
# Visual Studio Version 17
VisualStudioVersion = 17.10.35013.160
MinimumVisualStudioVersion = 10.0.40219.1
Project("{FAE04EC0-301F-11D3-BF4B-00C04F79EFBC}") = "Foundation", "Foundation.csproj", "{67F44ED9-0913-4A85-8809-C348C2EE70CD}"
EndProject
Global
	GlobalSection(SolutionConfigurationPlatforms) = preSolution
		Debug|Any CPU = Debug|Any CPU
		Release|Any CPU = Release|Any CPU
	EndGlobalSection
	GlobalSection(ProjectConfigurationPlatforms) = postSolution
		{67F44ED9-0913-4A85-8809-C348C2EE70CD}.Debug|Any CPU.ActiveCfg = Debug|Any CPU
		{67F44ED9-0913-4A85-8809-C348C2EE70CD}.Debug|Any CPU.Build.0 = Debug|Any CPU
		{67F44ED9-0913-4A85-8809-C348C2EE70CD}.Release|Any CPU.ActiveCfg = Release|Any CPU
		{67F44ED9-0913-4A85-8809-C348C2EE70CD}.Release|Any CPU.Build.0 = Release|Any CPU
	EndGlobalSection
	GlobalSection(SolutionProperties) = preSolution
		HideSolutionNode = FALSE
	EndGlobalSection
	GlobalSection(ExtensibilityGlobals) = postSolution
		SolutionGuid = {B8986E26-8174-4AAC-964E-C11135420C4C}
	EndGlobalSection
EndGlobal
