
Microsoft Visual Studio Solution File, Format Version 12.00
# Visual Studio Version 17
VisualStudioVersion = 17.10.35004.147
MinimumVisualStudioVersion = 10.0.40219.1
Project("{9A19103F-16F7-4668-BE54-9A1E7A4F7556}") = "Project", "Project.csproj", "{B74320C3-FEC6-4EB9-BBD0-CE9BE113BED4}"
EndProject
Project("{D954291E-2A0B-460D-934E-DC6B0785DB48}") = "DYHCadExtension", "..\..\..\..\..\GitHubFile\VScode\DYH.CADTool-develop\src\DYHCadTool\DYHCadExtension.shproj", "{4502C157-7D98-473B-A8EA-70CA9C6EA265}"
EndProject
Global
	GlobalSection(SolutionConfigurationPlatforms) = preSolution
		Debug|Any CPU = Debug|Any CPU
		Release|Any CPU = Release|Any CPU
	EndGlobalSection
	GlobalSection(ProjectConfigurationPlatforms) = postSolution
		{B74320C3-FEC6-4EB9-BBD0-CE9BE113BED4}.Debug|Any CPU.ActiveCfg = Debug|Any CPU
		{B74320C3-FEC6-4EB9-BBD0-CE9BE113BED4}.Debug|Any CPU.Build.0 = Debug|Any CPU
		{B74320C3-FEC6-4EB9-BBD0-CE9BE113BED4}.Release|Any CPU.ActiveCfg = Release|Any CPU
		{B74320C3-FEC6-4EB9-BBD0-CE9BE113BED4}.Release|Any CPU.Build.0 = Release|Any CPU
	EndGlobalSection
	GlobalSection(SolutionProperties) = preSolution
		HideSolutionNode = FALSE
	EndGlobalSection
	GlobalSection(ExtensibilityGlobals) = postSolution
		SolutionGuid = {A43D12F6-E6B1-4F85-A379-63C6DE1BEBE3}
	EndGlobalSection
	GlobalSection(SharedMSBuildProjectFiles) = preSolution
		..\..\..\..\..\GitHubFile\VScode\DYH.CADTool-develop\src\DYHCadTool\DYHCadTool.projitems*{4502c157-7d98-473b-a8ea-70ca9c6ea265}*SharedItemsImports = 13
		..\..\..\..\..\GitHubFile\VScode\DYH.CADTool-develop\src\DYHCadTool\DYHCadTool.projitems*{b74320c3-fec6-4eb9-bbd0-ce9be113bed4}*SharedItemsImports = 5
	EndGlobalSection
EndGlobal
